// !$*UTF8*$!
{
	archiveVersion = 1;
	classes = {
	};
	objectVersion = 56;
	objects = {

/* Begin PBXBuildFile section */
		602D69D3297175C300581393 /* PhotosTableViewCell.swift in Sources */ = {isa = PBXBuildFile; fileRef = 602D69D2297175C300581393 /* PhotosTableViewCell.swift */; };
		602D69D5297177A700581393 /* PhotosViewController.swift in Sources */ = {isa = PBXBuildFile; fileRef = 602D69D4297177A700581393 /* PhotosViewController.swift */; };
		602D69D729717C7800581393 /* PhotosCollectionViewCell.swift in Sources */ = {isa = PBXBuildFile; fileRef = 602D69D629717C7800581393 /* PhotosCollectionViewCell.swift */; };
		60303AD62959FE3400702DCD /* ProfileHeaderView.swift in Sources */ = {isa = PBXBuildFile; fileRef = 60303AD52959FE3400702DCD /* ProfileHeaderView.swift */; };
		604152D629A164EF002A3228 /* StorageService.h in Headers */ = {isa = PBXBuildFile; fileRef = 604152D529A164EF002A3228 /* StorageService.h */; settings = {ATTRIBUTES = (Public, ); }; };
		604152D929A164EF002A3228 /* StorageService.framework in Frameworks */ = {isa = PBXBuildFile; fileRef = 604152D329A164EF002A3228 /* StorageService.framework */; };
		604152DA29A164EF002A3228 /* StorageService.framework in Embed Frameworks */ = {isa = PBXBuildFile; fileRef = 604152D329A164EF002A3228 /* StorageService.framework */; settings = {ATTRIBUTES = (CodeSignOnCopy, RemoveHeadersOnCopy, ); }; };
		604152E029A166AB002A3228 /* Post.swift in Sources */ = {isa = PBXBuildFile; fileRef = 60E6BF822951022300F26D4C /* Post.swift */; };
		604152EE29A4D210002A3228 /* User.swift in Sources */ = {isa = PBXBuildFile; fileRef = 604152ED29A4D210002A3228 /* User.swift */; };
		604152F029A4D58F002A3228 /* CurrentUserService.swift in Sources */ = {isa = PBXBuildFile; fileRef = 604152EF29A4D58F002A3228 /* CurrentUserService.swift */; };
		6062E2EE29A58A7F00ECBF73 /* TestUserService.swift in Sources */ = {isa = PBXBuildFile; fileRef = 6062E2ED29A58A7E00ECBF73 /* TestUserService.swift */; };
		606D96B72970915A00DDC429 /* PostTableViewCell.swift in Sources */ = {isa = PBXBuildFile; fileRef = 606D96B62970915A00DDC429 /* PostTableViewCell.swift */; };
		60B9E5F7295C9E0E00DF6E53 /* LogInViewController.swift in Sources */ = {isa = PBXBuildFile; fileRef = 60B9E5F6295C9E0E00DF6E53 /* LogInViewController.swift */; };
		60E6BF6829508E6500F26D4C /* AppDelegate.swift in Sources */ = {isa = PBXBuildFile; fileRef = 60E6BF6729508E6500F26D4C /* AppDelegate.swift */; };
		60E6BF6C29508E6500F26D4C /* TabBarViewController.swift in Sources */ = {isa = PBXBuildFile; fileRef = 60E6BF6B29508E6500F26D4C /* TabBarViewController.swift */; };
		60E6BF7129508E6700F26D4C /* Assets.xcassets in Resources */ = {isa = PBXBuildFile; fileRef = 60E6BF7029508E6700F26D4C /* Assets.xcassets */; };
		60E6BF7429508E6700F26D4C /* LaunchScreen.storyboard in Resources */ = {isa = PBXBuildFile; fileRef = 60E6BF7229508E6700F26D4C /* LaunchScreen.storyboard */; };
		60E6BF7C2950A5E200F26D4C /* FeedViewController.swift in Sources */ = {isa = PBXBuildFile; fileRef = 60E6BF7B2950A5E200F26D4C /* FeedViewController.swift */; };
		60E6BF7E2950A5F500F26D4C /* ProfileViewController.swift in Sources */ = {isa = PBXBuildFile; fileRef = 60E6BF7D2950A5F500F26D4C /* ProfileViewController.swift */; };
		60E6BF812951014C00F26D4C /* PostViewController.swift in Sources */ = {isa = PBXBuildFile; fileRef = 60E6BF802951014C00F26D4C /* PostViewController.swift */; };
		60E6BF862951D9A800F26D4C /* InfoViewController.swift in Sources */ = {isa = PBXBuildFile; fileRef = 60E6BF852951D9A800F26D4C /* InfoViewController.swift */; };
/* End PBXBuildFile section */

/* Begin PBXContainerItemProxy section */
		604152D729A164EF002A3228 /* PBXContainerItemProxy */ = {
			isa = PBXContainerItemProxy;
			containerPortal = 60E6BF5C29508E6500F26D4C /* Project object */;
			proxyType = 1;
			remoteGlobalIDString = 604152D229A164EF002A3228;
			remoteInfo = StorageService;
		};
/* End PBXContainerItemProxy section */

/* Begin PBXCopyFilesBuildPhase section */
		604152DB29A164EF002A3228 /* Embed Frameworks */ = {
			isa = PBXCopyFilesBuildPhase;
			buildActionMask = 2147483647;
			dstPath = "";
			dstSubfolderSpec = 10;
			files = (
				604152DA29A164EF002A3228 /* StorageService.framework in Embed Frameworks */,
			);
			name = "Embed Frameworks";
			runOnlyForDeploymentPostprocessing = 0;
		};
/* End PBXCopyFilesBuildPhase section */

/* Begin PBXFileReference section */
		602D69D2297175C300581393 /* PhotosTableViewCell.swift */ = {isa = PBXFileReference; lastKnownFileType = sourcecode.swift; path = PhotosTableViewCell.swift; sourceTree = "<group>"; };
		602D69D4297177A700581393 /* PhotosViewController.swift */ = {isa = PBXFileReference; lastKnownFileType = sourcecode.swift; path = PhotosViewController.swift; sourceTree = "<group>"; };
		602D69D629717C7800581393 /* PhotosCollectionViewCell.swift */ = {isa = PBXFileReference; lastKnownFileType = sourcecode.swift; path = PhotosCollectionViewCell.swift; sourceTree = "<group>"; };
		60303AD52959FE3400702DCD /* ProfileHeaderView.swift */ = {isa = PBXFileReference; lastKnownFileType = sourcecode.swift; path = ProfileHeaderView.swift; sourceTree = "<group>"; };
		604152D329A164EF002A3228 /* StorageService.framework */ = {isa = PBXFileReference; explicitFileType = wrapper.framework; includeInIndex = 0; path = StorageService.framework; sourceTree = BUILT_PRODUCTS_DIR; };
		604152D529A164EF002A3228 /* StorageService.h */ = {isa = PBXFileReference; lastKnownFileType = sourcecode.c.h; path = StorageService.h; sourceTree = "<group>"; };
		604152ED29A4D210002A3228 /* User.swift */ = {isa = PBXFileReference; lastKnownFileType = sourcecode.swift; path = User.swift; sourceTree = "<group>"; };
		604152EF29A4D58F002A3228 /* CurrentUserService.swift */ = {isa = PBXFileReference; lastKnownFileType = sourcecode.swift; path = CurrentUserService.swift; sourceTree = "<group>"; };
		6062E2ED29A58A7E00ECBF73 /* TestUserService.swift */ = {isa = PBXFileReference; lastKnownFileType = sourcecode.swift; path = TestUserService.swift; sourceTree = "<group>"; };
		606D96B62970915A00DDC429 /* PostTableViewCell.swift */ = {isa = PBXFileReference; lastKnownFileType = sourcecode.swift; path = PostTableViewCell.swift; sourceTree = "<group>"; };
		60B9E5F6295C9E0E00DF6E53 /* LogInViewController.swift */ = {isa = PBXFileReference; lastKnownFileType = sourcecode.swift; path = LogInViewController.swift; sourceTree = "<group>"; };
		60E6BF6429508E6500F26D4C /* Navigation.app */ = {isa = PBXFileReference; explicitFileType = wrapper.application; includeInIndex = 0; path = Navigation.app; sourceTree = BUILT_PRODUCTS_DIR; };
		60E6BF6729508E6500F26D4C /* AppDelegate.swift */ = {isa = PBXFileReference; lastKnownFileType = sourcecode.swift; path = AppDelegate.swift; sourceTree = "<group>"; };
		60E6BF6B29508E6500F26D4C /* TabBarViewController.swift */ = {isa = PBXFileReference; lastKnownFileType = sourcecode.swift; path = TabBarViewController.swift; sourceTree = "<group>"; };
		60E6BF7029508E6700F26D4C /* Assets.xcassets */ = {isa = PBXFileReference; lastKnownFileType = folder.assetcatalog; path = Assets.xcassets; sourceTree = "<group>"; };
		60E6BF7329508E6700F26D4C /* Base */ = {isa = PBXFileReference; lastKnownFileType = file.storyboard; name = Base; path = Base.lproj/LaunchScreen.storyboard; sourceTree = "<group>"; };
		60E6BF7529508E6700F26D4C /* Info.plist */ = {isa = PBXFileReference; lastKnownFileType = text.plist.xml; path = Info.plist; sourceTree = "<group>"; };
		60E6BF7B2950A5E200F26D4C /* FeedViewController.swift */ = {isa = PBXFileReference; lastKnownFileType = sourcecode.swift; path = FeedViewController.swift; sourceTree = "<group>"; };
		60E6BF7D2950A5F500F26D4C /* ProfileViewController.swift */ = {isa = PBXFileReference; lastKnownFileType = sourcecode.swift; path = ProfileViewController.swift; sourceTree = "<group>"; };
		60E6BF802951014C00F26D4C /* PostViewController.swift */ = {isa = PBXFileReference; lastKnownFileType = sourcecode.swift; path = PostViewController.swift; sourceTree = "<group>"; };
		60E6BF822951022300F26D4C /* Post.swift */ = {isa = PBXFileReference; lastKnownFileType = sourcecode.swift; path = Post.swift; sourceTree = "<group>"; };
		60E6BF852951D9A800F26D4C /* InfoViewController.swift */ = {isa = PBXFileReference; lastKnownFileType = sourcecode.swift; path = InfoViewController.swift; sourceTree = "<group>"; };
/* End PBXFileReference section */

/* Begin PBXFrameworksBuildPhase section */
		604152D029A164EF002A3228 /* Frameworks */ = {
			isa = PBXFrameworksBuildPhase;
			buildActionMask = 2147483647;
			files = (
			);
			runOnlyForDeploymentPostprocessing = 0;
		};
		60E6BF6129508E6500F26D4C /* Frameworks */ = {
			isa = PBXFrameworksBuildPhase;
			buildActionMask = 2147483647;
			files = (
				604152D929A164EF002A3228 /* StorageService.framework in Frameworks */,
			);
			runOnlyForDeploymentPostprocessing = 0;
		};
/* End PBXFrameworksBuildPhase section */

/* Begin PBXGroup section */
		602D69D12971759400581393 /* Cell */ = {
			isa = PBXGroup;
			children = (
				606D96B62970915A00DDC429 /* PostTableViewCell.swift */,
				602D69D629717C7800581393 /* PhotosCollectionViewCell.swift */,
				602D69D2297175C300581393 /* PhotosTableViewCell.swift */,
			);
			path = Cell;
			sourceTree = "<group>";
		};
		60303AD22959FD8B00702DCD /* Application */ = {
			isa = PBXGroup;
			children = (
				60E6BF6729508E6500F26D4C /* AppDelegate.swift */,
			);
			path = Application;
			sourceTree = "<group>";
		};
		60303AD32959FDB500702DCD /* Model */ = {
			isa = PBXGroup;
			children = (
				604152ED29A4D210002A3228 /* User.swift */,
				604152EF29A4D58F002A3228 /* CurrentUserService.swift */,
				6062E2ED29A58A7E00ECBF73 /* TestUserService.swift */,
			);
			path = Model;
			sourceTree = "<group>";
		};
		60303AD42959FDF400702DCD /* Profile */ = {
			isa = PBXGroup;
			children = (
				602D69D12971759400581393 /* Cell */,
				60B9E5F6295C9E0E00DF6E53 /* LogInViewController.swift */,
				602D69D4297177A700581393 /* PhotosViewController.swift */,
				60303AD52959FE3400702DCD /* ProfileHeaderView.swift */,
				60E6BF7D2950A5F500F26D4C /* ProfileViewController.swift */,
			);
			path = Profile;
			sourceTree = "<group>";
		};
		604152D429A164EF002A3228 /* StorageService */ = {
			isa = PBXGroup;
			children = (
				60E6BF822951022300F26D4C /* Post.swift */,
				604152D529A164EF002A3228 /* StorageService.h */,
			);
			path = StorageService;
			sourceTree = "<group>";
		};
		60E6BF5B29508E6500F26D4C = {
			isa = PBXGroup;
			children = (
				60E6BF6629508E6500F26D4C /* Navigation */,
				604152D429A164EF002A3228 /* StorageService */,
				60E6BF6529508E6500F26D4C /* Products */,
			);
			sourceTree = "<group>";
		};
		60E6BF6529508E6500F26D4C /* Products */ = {
			isa = PBXGroup;
			children = (
				60E6BF6429508E6500F26D4C /* Navigation.app */,
				604152D329A164EF002A3228 /* StorageService.framework */,
			);
			name = Products;
			sourceTree = "<group>";
		};
		60E6BF6629508E6500F26D4C /* Navigation */ = {
			isa = PBXGroup;
			children = (
				60303AD22959FD8B00702DCD /* Application */,
				60303AD32959FDB500702DCD /* Model */,
				60303AD42959FDF400702DCD /* Profile */,
				60E6BF7F2950A71800F26D4C /* TabBarController */,
				60E6BF842951D98900F26D4C /* ViewController */,
				60E6BF7029508E6700F26D4C /* Assets.xcassets */,
				60E6BF7229508E6700F26D4C /* LaunchScreen.storyboard */,
				60E6BF7529508E6700F26D4C /* Info.plist */,
			);
			path = Navigation;
			sourceTree = "<group>";
		};
		60E6BF7F2950A71800F26D4C /* TabBarController */ = {
			isa = PBXGroup;
			children = (
				60E6BF6B29508E6500F26D4C /* TabBarViewController.swift */,
				60E6BF7B2950A5E200F26D4C /* FeedViewController.swift */,
			);
			path = TabBarController;
			sourceTree = "<group>";
		};
		60E6BF842951D98900F26D4C /* ViewController */ = {
			isa = PBXGroup;
			children = (
				60E6BF852951D9A800F26D4C /* InfoViewController.swift */,
				60E6BF802951014C00F26D4C /* PostViewController.swift */,
			);
			path = ViewController;
			sourceTree = "<group>";
		};
/* End PBXGroup section */

/* Begin PBXHeadersBuildPhase section */
		604152CE29A164EF002A3228 /* Headers */ = {
			isa = PBXHeadersBuildPhase;
			buildActionMask = 2147483647;
			files = (
				604152D629A164EF002A3228 /* StorageService.h in Headers */,
			);
			runOnlyForDeploymentPostprocessing = 0;
		};
/* End PBXHeadersBuildPhase section */

/* Begin PBXNativeTarget section */
		604152D229A164EF002A3228 /* StorageService */ = {
			isa = PBXNativeTarget;
			buildConfigurationList = 604152DE29A164EF002A3228 /* Build configuration list for PBXNativeTarget "StorageService" */;
			buildPhases = (
				604152CE29A164EF002A3228 /* Headers */,
				604152CF29A164EF002A3228 /* Sources */,
				604152D029A164EF002A3228 /* Frameworks */,
				604152D129A164EF002A3228 /* Resources */,
			);
			buildRules = (
			);
			dependencies = (
			);
			name = StorageService;
			productName = StorageService;
			productReference = 604152D329A164EF002A3228 /* StorageService.framework */;
			productType = "com.apple.product-type.framework";
		};
		60E6BF6329508E6500F26D4C /* Navigation */ = {
			isa = PBXNativeTarget;
			buildConfigurationList = 60E6BF7829508E6700F26D4C /* Build configuration list for PBXNativeTarget "Navigation" */;
			buildPhases = (
				60E6BF6029508E6500F26D4C /* Sources */,
				60E6BF6129508E6500F26D4C /* Frameworks */,
				60E6BF6229508E6500F26D4C /* Resources */,
				604152DB29A164EF002A3228 /* Embed Frameworks */,
			);
			buildRules = (
			);
			dependencies = (
				604152D829A164EF002A3228 /* PBXTargetDependency */,
			);
			name = Navigation;
			productName = Navigation;
			productReference = 60E6BF6429508E6500F26D4C /* Navigation.app */;
			productType = "com.apple.product-type.application";
		};
/* End PBXNativeTarget section */

/* Begin PBXProject section */
		60E6BF5C29508E6500F26D4C /* Project object */ = {
			isa = PBXProject;
			attributes = {
				BuildIndependentTargetsInParallel = 1;
				LastSwiftUpdateCheck = 1410;
				LastUpgradeCheck = 1410;
				TargetAttributes = {
					604152D229A164EF002A3228 = {
						CreatedOnToolsVersion = 14.1;
					};
					60E6BF6329508E6500F26D4C = {
						CreatedOnToolsVersion = 14.1;
					};
				};
			};
			buildConfigurationList = 60E6BF5F29508E6500F26D4C /* Build configuration list for PBXProject "Navigation" */;
			compatibilityVersion = "Xcode 14.0";
			developmentRegion = en;
			hasScannedForEncodings = 0;
			knownRegions = (
				en,
				Base,
			);
			mainGroup = 60E6BF5B29508E6500F26D4C;
			productRefGroup = 60E6BF6529508E6500F26D4C /* Products */;
			projectDirPath = "";
			projectRoot = "";
			targets = (
				60E6BF6329508E6500F26D4C /* Navigation */,
				604152D229A164EF002A3228 /* StorageService */,
			);
		};
/* End PBXProject section */

/* Begin PBXResourcesBuildPhase section */
		604152D129A164EF002A3228 /* Resources */ = {
			isa = PBXResourcesBuildPhase;
			buildActionMask = 2147483647;
			files = (
			);
			runOnlyForDeploymentPostprocessing = 0;
		};
		60E6BF6229508E6500F26D4C /* Resources */ = {
			isa = PBXResourcesBuildPhase;
			buildActionMask = 2147483647;
			files = (
				60E6BF7429508E6700F26D4C /* LaunchScreen.storyboard in Resources */,
				60E6BF7129508E6700F26D4C /* Assets.xcassets in Resources */,
			);
			runOnlyForDeploymentPostprocessing = 0;
		};
/* End PBXResourcesBuildPhase section */

/* Begin PBXSourcesBuildPhase section */
		604152CF29A164EF002A3228 /* Sources */ = {
			isa = PBXSourcesBuildPhase;
			buildActionMask = 2147483647;
			files = (
				604152E029A166AB002A3228 /* Post.swift in Sources */,
			);
			runOnlyForDeploymentPostprocessing = 0;
		};
		60E6BF6029508E6500F26D4C /* Sources */ = {
			isa = PBXSourcesBuildPhase;
			buildActionMask = 2147483647;
			files = (
				604152EE29A4D210002A3228 /* User.swift in Sources */,
				60E6BF6C29508E6500F26D4C /* TabBarViewController.swift in Sources */,
				60E6BF7C2950A5E200F26D4C /* FeedViewController.swift in Sources */,
				60B9E5F7295C9E0E00DF6E53 /* LogInViewController.swift in Sources */,
				602D69D3297175C300581393 /* PhotosTableViewCell.swift in Sources */,
				602D69D729717C7800581393 /* PhotosCollectionViewCell.swift in Sources */,
				60E6BF7E2950A5F500F26D4C /* ProfileViewController.swift in Sources */,
				60E6BF862951D9A800F26D4C /* InfoViewController.swift in Sources */,
				6062E2EE29A58A7F00ECBF73 /* TestUserService.swift in Sources */,
				604152F029A4D58F002A3228 /* CurrentUserService.swift in Sources */,
				60E6BF6829508E6500F26D4C /* AppDelegate.swift in Sources */,
				606D96B72970915A00DDC429 /* PostTableViewCell.swift in Sources */,
				602D69D5297177A700581393 /* PhotosViewController.swift in Sources */,
				60E6BF812951014C00F26D4C /* PostViewController.swift in Sources */,
				60303AD62959FE3400702DCD /* ProfileHeaderView.swift in Sources */,
			);
			runOnlyForDeploymentPostprocessing = 0;
		};
/* End PBXSourcesBuildPhase section */

/* Begin PBXTargetDependency section */
		604152D829A164EF002A3228 /* PBXTargetDependency */ = {
			isa = PBXTargetDependency;
			target = 604152D229A164EF002A3228 /* StorageService */;
			targetProxy = 604152D729A164EF002A3228 /* PBXContainerItemProxy */;
		};
/* End PBXTargetDependency section */

/* Begin PBXVariantGroup section */
		60E6BF7229508E6700F26D4C /* LaunchScreen.storyboard */ = {
			isa = PBXVariantGroup;
			children = (
				60E6BF7329508E6700F26D4C /* Base */,
			);
			name = LaunchScreen.storyboard;
			sourceTree = "<group>";
		};
/* End PBXVariantGroup section */

/* Begin XCBuildConfiguration section */
		604152DC29A164EF002A3228 /* Debug */ = {
			isa = XCBuildConfiguration;
			buildSettings = {
				CODE_SIGN_STYLE = Automatic;
				CURRENT_PROJECT_VERSION = 1;
				DEFINES_MODULE = YES;
				DEVELOPMENT_TEAM = TVNB4R4JHD;
				DYLIB_COMPATIBILITY_VERSION = 1;
				DYLIB_CURRENT_VERSION = 1;
				DYLIB_INSTALL_NAME_BASE = "@rpath";
				GENERATE_INFOPLIST_FILE = YES;
				INFOPLIST_KEY_NSHumanReadableCopyright = "";
				INSTALL_PATH = "$(LOCAL_LIBRARY_DIR)/Frameworks";
				LD_RUNPATH_SEARCH_PATHS = (
					"$(inherited)",
					"@executable_path/Frameworks",
					"@loader_path/Frameworks",
				);
				MARKETING_VERSION = 1.0;
				PRODUCT_BUNDLE_IDENTIFIER = com.nikolayignatov.StorageService;
				PRODUCT_NAME = "$(TARGET_NAME:c99extidentifier)";
				SKIP_INSTALL = YES;
				SWIFT_EMIT_LOC_STRINGS = YES;
				SWIFT_VERSION = 5.0;
				TARGETED_DEVICE_FAMILY = "1,2";
				VERSIONING_SYSTEM = "apple-generic";
				VERSION_INFO_PREFIX = "";
			};
			name = Debug;
		};
		604152DD29A164EF002A3228 /* Release */ = {
			isa = XCBuildConfiguration;
			buildSettings = {
				CODE_SIGN_STYLE = Automatic;
				CURRENT_PROJECT_VERSION = 1;
				DEFINES_MODULE = YES;
				DEVELOPMENT_TEAM = TVNB4R4JHD;
				DYLIB_COMPATIBILITY_VERSION = 1;
				DYLIB_CURRENT_VERSION = 1;
				DYLIB_INSTALL_NAME_BASE = "@rpath";
				GENERATE_INFOPLIST_FILE = YES;
				INFOPLIST_KEY_NSHumanReadableCopyright = "";
				INSTALL_PATH = "$(LOCAL_LIBRARY_DIR)/Frameworks";
				LD_RUNPATH_SEARCH_PATHS = (
					"$(inherited)",
					"@executable_path/Frameworks",
					"@loader_path/Frameworks",
				);
				MARKETING_VERSION = 1.0;
				PRODUCT_BUNDLE_IDENTIFIER = com.nikolayignatov.StorageService;
				PRODUCT_NAME = "$(TARGET_NAME:c99extidentifier)";
				SKIP_INSTALL = YES;
				SWIFT_EMIT_LOC_STRINGS = YES;
				SWIFT_VERSION = 5.0;
				TARGETED_DEVICE_FAMILY = "1,2";
				VERSIONING_SYSTEM = "apple-generic";
				VERSION_INFO_PREFIX = "";
			};
			name = Release;
		};
		60E6BF7629508E6700F26D4C /* Debug */ = {
			isa = XCBuildConfiguration;
			buildSettings = {
				ALWAYS_SEARCH_USER_PATHS = NO;
				CLANG_ANALYZER_NONNULL = YES;
				CLANG_ANALYZER_NUMBER_OBJECT_CONVERSION = YES_AGGRESSIVE;
				CLANG_CXX_LANGUAGE_STANDARD = "gnu++20";
				CLANG_ENABLE_MODULES = YES;
				CLANG_ENABLE_OBJC_ARC = YES;
				CLANG_ENABLE_OBJC_WEAK = YES;
				CLANG_WARN_BLOCK_CAPTURE_AUTORELEASING = YES;
				CLANG_WARN_BOOL_CONVERSION = YES;
				CLANG_WARN_COMMA = YES;
				CLANG_WARN_CONSTANT_CONVERSION = YES;
				CLANG_WARN_DEPRECATED_OBJC_IMPLEMENTATIONS = YES;
				CLANG_WARN_DIRECT_OBJC_ISA_USAGE = YES_ERROR;
				CLANG_WARN_DOCUMENTATION_COMMENTS = YES;
				CLANG_WARN_EMPTY_BODY = YES;
				CLANG_WARN_ENUM_CONVERSION = YES;
				CLANG_WARN_INFINITE_RECURSION = YES;
				CLANG_WARN_INT_CONVERSION = YES;
				CLANG_WARN_NON_LITERAL_NULL_CONVERSION = YES;
				CLANG_WARN_OBJC_IMPLICIT_RETAIN_SELF = YES;
				CLANG_WARN_OBJC_LITERAL_CONVERSION = YES;
				CLANG_WARN_OBJC_ROOT_CLASS = YES_ERROR;
				CLANG_WARN_QUOTED_INCLUDE_IN_FRAMEWORK_HEADER = YES;
				CLANG_WARN_RANGE_LOOP_ANALYSIS = YES;
				CLANG_WARN_STRICT_PROTOTYPES = YES;
				CLANG_WARN_SUSPICIOUS_MOVE = YES;
				CLANG_WARN_UNGUARDED_AVAILABILITY = YES_AGGRESSIVE;
				CLANG_WARN_UNREACHABLE_CODE = YES;
				CLANG_WARN__DUPLICATE_METHOD_MATCH = YES;
				COPY_PHASE_STRIP = NO;
				DEBUG_INFORMATION_FORMAT = dwarf;
				ENABLE_STRICT_OBJC_MSGSEND = YES;
				ENABLE_TESTABILITY = YES;
				GCC_C_LANGUAGE_STANDARD = gnu11;
				GCC_DYNAMIC_NO_PIC = NO;
				GCC_NO_COMMON_BLOCKS = YES;
				GCC_OPTIMIZATION_LEVEL = 0;
				GCC_PREPROCESSOR_DEFINITIONS = (
					"DEBUG=1",
					"$(inherited)",
				);
				GCC_WARN_64_TO_32_BIT_CONVERSION = YES;
				GCC_WARN_ABOUT_RETURN_TYPE = YES_ERROR;
				GCC_WARN_UNDECLARED_SELECTOR = YES;
				GCC_WARN_UNINITIALIZED_AUTOS = YES_AGGRESSIVE;
				GCC_WARN_UNUSED_FUNCTION = YES;
				GCC_WARN_UNUSED_VARIABLE = YES;
				IPHONEOS_DEPLOYMENT_TARGET = 16.1;
				MTL_ENABLE_DEBUG_INFO = INCLUDE_SOURCE;
				MTL_FAST_MATH = YES;
				ONLY_ACTIVE_ARCH = YES;
				SDKROOT = iphoneos;
				SWIFT_ACTIVE_COMPILATION_CONDITIONS = DEBUG;
				SWIFT_OPTIMIZATION_LEVEL = "-Onone";
			};
			name = Debug;
		};
		60E6BF7729508E6700F26D4C /* Release */ = {
			isa = XCBuildConfiguration;
			buildSettings = {
				ALWAYS_SEARCH_USER_PATHS = NO;
				CLANG_ANALYZER_NONNULL = YES;
				CLANG_ANALYZER_NUMBER_OBJECT_CONVERSION = YES_AGGRESSIVE;
				CLANG_CXX_LANGUAGE_STANDARD = "gnu++20";
				CLANG_ENABLE_MODULES = YES;
				CLANG_ENABLE_OBJC_ARC = YES;
				CLANG_ENABLE_OBJC_WEAK = YES;
				CLANG_WARN_BLOCK_CAPTURE_AUTORELEASING = YES;
				CLANG_WARN_BOOL_CONVERSION = YES;
				CLANG_WARN_COMMA = YES;
				CLANG_WARN_CONSTANT_CONVERSION = YES;
				CLANG_WARN_DEPRECATED_OBJC_IMPLEMENTATIONS = YES;
				CLANG_WARN_DIRECT_OBJC_ISA_USAGE = YES_ERROR;
				CLANG_WARN_DOCUMENTATION_COMMENTS = YES;
				CLANG_WARN_EMPTY_BODY = YES;
				CLANG_WARN_ENUM_CONVERSION = YES;
				CLANG_WARN_INFINITE_RECURSION = YES;
				CLANG_WARN_INT_CONVERSION = YES;
				CLANG_WARN_NON_LITERAL_NULL_CONVERSION = YES;
				CLANG_WARN_OBJC_IMPLICIT_RETAIN_SELF = YES;
				CLANG_WARN_OBJC_LITERAL_CONVERSION = YES;
				CLANG_WARN_OBJC_ROOT_CLASS = YES_ERROR;
				CLANG_WARN_QUOTED_INCLUDE_IN_FRAMEWORK_HEADER = YES;
				CLANG_WARN_RANGE_LOOP_ANALYSIS = YES;
				CLANG_WARN_STRICT_PROTOTYPES = YES;
				CLANG_WARN_SUSPICIOUS_MOVE = YES;
				CLANG_WARN_UNGUARDED_AVAILABILITY = YES_AGGRESSIVE;
				CLANG_WARN_UNREACHABLE_CODE = YES;
				CLANG_WARN__DUPLICATE_METHOD_MATCH = YES;
				COPY_PHASE_STRIP = NO;
				DEBUG_INFORMATION_FORMAT = "dwarf-with-dsym";
				ENABLE_NS_ASSERTIONS = NO;
				ENABLE_STRICT_OBJC_MSGSEND = YES;
				GCC_C_LANGUAGE_STANDARD = gnu11;
				GCC_NO_COMMON_BLOCKS = YES;
				GCC_WARN_64_TO_32_BIT_CONVERSION = YES;
				GCC_WARN_ABOUT_RETURN_TYPE = YES_ERROR;
				GCC_WARN_UNDECLARED_SELECTOR = YES;
				GCC_WARN_UNINITIALIZED_AUTOS = YES_AGGRESSIVE;
				GCC_WARN_UNUSED_FUNCTION = YES;
				GCC_WARN_UNUSED_VARIABLE = YES;
				IPHONEOS_DEPLOYMENT_TARGET = 16.1;
				MTL_ENABLE_DEBUG_INFO = NO;
				MTL_FAST_MATH = YES;
				SDKROOT = iphoneos;
				SWIFT_COMPILATION_MODE = wholemodule;
				SWIFT_OPTIMIZATION_LEVEL = "-O";
				VALIDATE_PRODUCT = YES;
			};
			name = Release;
		};
		60E6BF7929508E6700F26D4C /* Debug */ = {
			isa = XCBuildConfiguration;
			buildSettings = {
				ALWAYS_EMBED_SWIFT_STANDARD_LIBRARIES = YES;
				ASSETCATALOG_COMPILER_APPICON_NAME = AppIcon;
				ASSETCATALOG_COMPILER_GLOBAL_ACCENT_COLOR_NAME = AccentColor;
				CODE_SIGN_STYLE = Automatic;
				CURRENT_PROJECT_VERSION = 1;
				DEVELOPMENT_TEAM = TVNB4R4JHD;
				GENERATE_INFOPLIST_FILE = YES;
				INFOPLIST_FILE = Navigation/Info.plist;
				INFOPLIST_KEY_UIApplicationSupportsIndirectInputEvents = YES;
				INFOPLIST_KEY_UILaunchStoryboardName = LaunchScreen;
				INFOPLIST_KEY_UIMainStoryboardFile = "";
				INFOPLIST_KEY_UISupportedInterfaceOrientations_iPad = "UIInterfaceOrientationPortrait UIInterfaceOrientationPortraitUpsideDown UIInterfaceOrientationLandscapeLeft UIInterfaceOrientationLandscapeRight";
				INFOPLIST_KEY_UISupportedInterfaceOrientations_iPhone = "UIInterfaceOrientationPortrait UIInterfaceOrientationLandscapeLeft UIInterfaceOrientationLandscapeRight";
				LD_RUNPATH_SEARCH_PATHS = (
					"$(inherited)",
					"@executable_path/Frameworks",
				);
				MARKETING_VERSION = 1.0;
				PRODUCT_BUNDLE_IDENTIFIER = com.nikolayignatov.Navigation;
				PRODUCT_NAME = "$(TARGET_NAME)";
				SWIFT_EMIT_LOC_STRINGS = YES;
				SWIFT_VERSION = 5.0;
				TARGETED_DEVICE_FAMILY = "1,2";
			};
			name = Debug;
		};
		60E6BF7A29508E6700F26D4C /* Release */ = {
			isa = XCBuildConfiguration;
			buildSettings = {
				ALWAYS_EMBED_SWIFT_STANDARD_LIBRARIES = YES;
				ASSETCATALOG_COMPILER_APPICON_NAME = AppIcon;
				ASSETCATALOG_COMPILER_GLOBAL_ACCENT_COLOR_NAME = AccentColor;
				CODE_SIGN_STYLE = Automatic;
				CURRENT_PROJECT_VERSION = 1;
				DEVELOPMENT_TEAM = TVNB4R4JHD;
				GENERATE_INFOPLIST_FILE = YES;
				INFOPLIST_FILE = Navigation/Info.plist;
				INFOPLIST_KEY_UIApplicationSupportsIndirectInputEvents = YES;
				INFOPLIST_KEY_UILaunchStoryboardName = LaunchScreen;
				INFOPLIST_KEY_UIMainStoryboardFile = "";
				INFOPLIST_KEY_UISupportedInterfaceOrientations_iPad = "UIInterfaceOrientationPortrait UIInterfaceOrientationPortraitUpsideDown UIInterfaceOrientationLandscapeLeft UIInterfaceOrientationLandscapeRight";
				INFOPLIST_KEY_UISupportedInterfaceOrientations_iPhone = "UIInterfaceOrientationPortrait UIInterfaceOrientationLandscapeLeft UIInterfaceOrientationLandscapeRight";
				LD_RUNPATH_SEARCH_PATHS = (
					"$(inherited)",
					"@executable_path/Frameworks",
				);
				MARKETING_VERSION = 1.0;
				PRODUCT_BUNDLE_IDENTIFIER = com.nikolayignatov.Navigation;
				PRODUCT_NAME = "$(TARGET_NAME)";
				SWIFT_EMIT_LOC_STRINGS = YES;
				SWIFT_VERSION = 5.0;
				TARGETED_DEVICE_FAMILY = "1,2";
			};
			name = Release;
		};
/* End XCBuildConfiguration section */

/* Begin XCConfigurationList section */
		604152DE29A164EF002A3228 /* Build configuration list for PBXNativeTarget "StorageService" */ = {
			isa = XCConfigurationList;
			buildConfigurations = (
				604152DC29A164EF002A3228 /* Debug */,
				604152DD29A164EF002A3228 /* Release */,
			);
			defaultConfigurationIsVisible = 0;
			defaultConfigurationName = Release;
		};
		60E6BF5F29508E6500F26D4C /* Build configuration list for PBXProject "Navigation" */ = {
			isa = XCConfigurationList;
			buildConfigurations = (
				60E6BF7629508E6700F26D4C /* Debug */,
				60E6BF7729508E6700F26D4C /* Release */,
			);
			defaultConfigurationIsVisible = 0;
			defaultConfigurationName = Release;
		};
		60E6BF7829508E6700F26D4C /* Build configuration list for PBXNativeTarget "Navigation" */ = {
			isa = XCConfigurationList;
			buildConfigurations = (
				60E6BF7929508E6700F26D4C /* Debug */,
				60E6BF7A29508E6700F26D4C /* Release */,
			);
			defaultConfigurationIsVisible = 0;
			defaultConfigurationName = Release;
		};
/* End XCConfigurationList section */
	};
	rootObject = 60E6BF5C29508E6500F26D4C /* Project object */;
}
